{
  "name": "server-editor",
  "version": "0.2.0",
  "lockfileVersion": 3,
  "requires": true,
  "packages": {
    "": {
      "name": "server-editor",
      "version": "0.2.0",
      "dependencies": {
        "molex-env": "^0.3.2",
        "molex-ftp": "^2.3.1",
        "molex-http": "^0.1.3",
        "molex-xml-js": "^0.3.2"
      }
    },
    "node_modules/molex-env": {
      "version": "0.3.2",
      "resolved": "https://registry.npmjs.org/molex-env/-/molex-env-0.3.2.tgz",
      "integrity": "sha512-wABphv2M8Qj8nHwdcFx6ou7PjbZyFYXPQF5yBuSfRcE70IsroilNmDusa+uWGUyB/mXbAS/ySxGFBI528OB1vA==",
      "license": "MIT"
    },
    "node_modules/molex-ftp": {
      "version": "2.3.1",
      "resolved": "https://registry.npmjs.org/molex-ftp/-/molex-ftp-2.3.1.tgz",
      "integrity": "sha512-lC1SIrDl4S6jSPBXk5TgGmvumyLJ5OoMhAqQ7YmN1iplmkNi30gy+QcuxzXnncyY9dWfrfJqynsCtKfA/CWMyw==",
      "license": "ISC",
      "engines": {
        "node": ">=12.0.0"
      }
    },
    "node_modules/molex-http": {
      "version": "0.1.3",
      "resolved": "https://registry.npmjs.org/molex-http/-/molex-http-0.1.3.tgz",
      "integrity": "sha512-SfC4COa4TccEfA3kD9oFgx2WcTNGeBrWFx8+e+Pj/Qri3Wss+tTQpZbOjkVN31EHkOa5D4rXssy1o/thNMow0w==",
      "license": "MIT",
      "engines": {
        "node": ">=14.0.0"
      }
    },
    "node_modules/molex-xml-js": {
      "version": "0.3.2",
      "resolved": "https://registry.npmjs.org/molex-xml-js/-/molex-xml-js-0.3.2.tgz",
      "integrity": "sha512-+Txf1N/mKCL+YAOlgVYDApeQZTgTN8Pxu3LunwPMOkE0J69q0hPTBQLc2ynzic64gnAQiOaDmWOI5lLFR2UbaQ==",
      "license": "MIT"
    }
  }
}
